# versions.lock — pinned inputs for the producer build pipeline.
#
# Sourced by scripts/. Each variable uses `: "${VAR:=...}"` so an env-var
# override (e.g. `KERNEL_VERSION=6.6.140 ./scripts/run-pipeline.sh`) wins
# over the default. Edit + commit to change the persistent pin.
#
# As of the post-redistribution layout (May 2026), the producer is fully
# self-contained: no upstream/reference repos are fetched at build time.
# All inputs live in this repo:
#   - Kernel patches:     release/patches/{vyos,ask,fixes}/
#   - Vendored SDK drop:  release/patches/kernel/sdk-sources/
#   - OOT module sources: release/oot-modules/{cdx,fci,auto_bridge,iptables-extensions}/
#   - Userspace patches:  release/userspace-patches/{ppp,rp-pppoe}/

# ── Kernel ─────────────────────────────────────────────────────────────
# Pinned for deterministic builds. Empty → fetch-kernel.sh picks latest
# of $KERNEL_SERIES from kernel.org. Bump in a dedicated commit + tag
# when you want to track a newer point release.
#
# As of 2026-05-07 we are migrating from 6.6.137 LTS to 6.18.x to align
# with VyOS rolling (vyos-build@current pins kernel_version = "6.18.26").
: "${KERNEL_SERIES:=6.18}"
: "${KERNEL_VERSION:=6.18.26}"

# ── NXP qoriq SDK reference (provenance for the in-tree SDK overlay) ───
# release/patches/kernel/sdk-sources/ is a verbatim mirror of the SDK
# driver dirs from this NXP qoriq commit. Kept here for provenance only;
# bump SHA + re-import to track a newer SDK (no fetcher script consumes
# this — re-imports are manual and infrequent).
: "${NXP_SDK_REPO:=https://github.com/nxp-qoriq/linux}"
: "${NXP_SDK_BRANCH:=ask-6.6-port}"
: "${NXP_SDK_SHA:=6d0b77e999047ccffa51a973f17f82b8d75d7e5e}"

export KERNEL_SERIES KERNEL_VERSION
export NXP_SDK_REPO NXP_SDK_BRANCH NXP_SDK_SHA